// !$*UTF8*$!
{
	archiveVersion = 1;
	classes = {
	};
	objectVersion = 77;
	objects = {

/* Begin PBXContainerItemProxy section */
		988E5BEE2D6ADCE300EE321D /* PBXContainerItemProxy */ = {
			isa = PBXContainerItemProxy;
			containerPortal = 988E5BC72D6AD0BD00EE321D /* Project object */;
			proxyType = 1;
			remoteGlobalIDString = 988E5BCE2D6AD0BD00EE321D;
			remoteInfo = FinancialCalculatorDemo;
		};
		988E5BFD2D6AE1CD00EE321D /* PBXContainerItemProxy */ = {
			isa = PBXContainerItemProxy;
			containerPortal = 988E5BC72D6AD0BD00EE321D /* Project object */;
			proxyType = 1;
			remoteGlobalIDString = 988E5BCE2D6AD0BD00EE321D;
			remoteInfo = FinancialCalculatorDemo;
		};
/* End PBXContainerItemProxy section */

/* Begin PBXFileReference section */
		988E5BCF2D6AD0BD00EE321D /* FinancialCalculatorDemo.app */ = {isa = PBXFileReference; explicitFileType = wrapper.application; includeInIndex = 0; path = FinancialCalculatorDemo.app; sourceTree = BUILT_PRODUCTS_DIR; };
		988E5BEA2D6ADCE300EE321D /* FinancialDemoUnitTests.xctest */ = {isa = PBXFileReference; explicitFileType = wrapper.cfbundle; includeInIndex = 0; path = FinancialDemoUnitTests.xctest; sourceTree = BUILT_PRODUCTS_DIR; };
		988E5BF72D6AE1CD00EE321D /* FinancialDemoUITests.xctest */ = {isa = PBXFileReference; explicitFileType = wrapper.cfbundle; includeInIndex = 0; path = FinancialDemoUITests.xctest; sourceTree = BUILT_PRODUCTS_DIR; };
/* End PBXFileReference section */

/* Begin PBXFileSystemSynchronizedRootGroup section */
		988E5BD12D6AD0BD00EE321D /* FinancialCalculatorDemo */ = {
			isa = PBXFileSystemSynchronizedRootGroup;
			path = FinancialCalculatorDemo;
			sourceTree = "<group>";
		};
		988E5BEB2D6ADCE300EE321D /* FinancialDemoUnitTests */ = {
			isa = PBXFileSystemSynchronizedRootGroup;
			path = FinancialDemoUnitTests;
			sourceTree = "<group>";
		};
		988E5BF82D6AE1CD00EE321D /* FinancialDemoUITests */ = {
			isa = PBXFileSystemSynchronizedRootGroup;
			path = FinancialDemoUITests;
			sourceTree = "<group>";
		};
/* End PBXFileSystemSynchronizedRootGroup section */

/* Begin PBXFrameworksBuildPhase section */
		988E5BCC2D6AD0BD00EE321D /* Frameworks */ = {
			isa = PBXFrameworksBuildPhase;
			buildActionMask = 2147483647;
			files = (
			);
			runOnlyForDeploymentPostprocessing = 0;
		};
		988E5BE72D6ADCE300EE321D /* Frameworks */ = {
			isa = PBXFrameworksBuildPhase;
			buildActionMask = 2147483647;
			files = (
			);
			runOnlyForDeploymentPostprocessing = 0;
		};
		988E5BF42D6AE1CD00EE321D /* Frameworks */ = {
			isa = PBXFrameworksBuildPhase;
			buildActionMask = 2147483647;
			files = (
			);
			runOnlyForDeploymentPostprocessing = 0;
		};
/* End PBXFrameworksBuildPhase section */

/* Begin PBXGroup section */
		988E5BC62D6AD0BD00EE321D = {
			isa = PBXGroup;
			children = (
				988E5BD12D6AD0BD00EE321D /* FinancialCalculatorDemo */,
				988E5BEB2D6ADCE300EE321D /* FinancialDemoUnitTests */,
				988E5BF82D6AE1CD00EE321D /* FinancialDemoUITests */,
				988E5BD02D6AD0BD00EE321D /* Products */,
			);
			sourceTree = "<group>";
		};
		988E5BD02D6AD0BD00EE321D /* Products */ = {
			isa = PBXGroup;
			children = (
				988E5BCF2D6AD0BD00EE321D /* FinancialCalculatorDemo.app */,
				988E5BEA2D6ADCE300EE321D /* FinancialDemoUnitTests.xctest */,
				988E5BF72D6AE1CD00EE321D /* FinancialDemoUITests.xctest */,
			);
			name = Products;
			sourceTree = "<group>";
		};
/* End PBXGroup section */

/* Begin PBXNativeTarget section */
		988E5BCE2D6AD0BD00EE321D /* FinancialCalculatorDemo */ = {
			isa = PBXNativeTarget;
			buildConfigurationList = 988E5BDD2D6AD0BE00EE321D /* Build configuration list for PBXNativeTarget "FinancialCalculatorDemo" */;
			buildPhases = (
				988E5BCB2D6AD0BD00EE321D /* Sources */,
				988E5BCC2D6AD0BD00EE321D /* Frameworks */,
				988E5BCD2D6AD0BD00EE321D /* Resources */,
			);
			buildRules = (
			);
			dependencies = (
			);
			fileSystemSynchronizedGroups = (
				988E5BD12D6AD0BD00EE321D /* FinancialCalculatorDemo */,
			);
			name = FinancialCalculatorDemo;
			packageProductDependencies = (
			);
			productName = FinancialCalculatorDemo;
			productReference = 988E5BCF2D6AD0BD00EE321D /* FinancialCalculatorDemo.app */;
			productType = "com.apple.product-type.application";
		};
		988E5BE92D6ADCE300EE321D /* FinancialDemoUnitTests */ = {
			isa = PBXNativeTarget;
			buildConfigurationList = 988E5BF02D6ADCE300EE321D /* Build configuration list for PBXNativeTarget "FinancialDemoUnitTests" */;
			buildPhases = (
				988E5BE62D6ADCE300EE321D /* Sources */,
				988E5BE72D6ADCE300EE321D /* Frameworks */,
				988E5BE82D6ADCE300EE321D /* Resources */,
			);
			buildRules = (
			);
			dependencies = (
				988E5BEF2D6ADCE300EE321D /* PBXTargetDependency */,
			);
			fileSystemSynchronizedGroups = (
				988E5BEB2D6ADCE300EE321D /* FinancialDemoUnitTests */,
			);
			name = FinancialDemoUnitTests;
			packageProductDependencies = (
			);
			productName = FinancialDemoUnitTests;
			productReference = 988E5BEA2D6ADCE300EE321D /* FinancialDemoUnitTests.xctest */;
			productType = "com.apple.product-type.bundle.unit-test";
		};
		988E5BF62D6AE1CD00EE321D /* FinancialDemoUITests */ = {
			isa = PBXNativeTarget;
			buildConfigurationList = 988E5BFF2D6AE1CD00EE321D /* Build configuration list for PBXNativeTarget "FinancialDemoUITests" */;
			buildPhases = (
				988E5BF32D6AE1CD00EE321D /* Sources */,
				988E5BF42D6AE1CD00EE321D /* Frameworks */,
				988E5BF52D6AE1CD00EE321D /* Resources */,
			);
			buildRules = (
			);
			dependencies = (
				988E5BFE2D6AE1CD00EE321D /* PBXTargetDependency */,
			);
			fileSystemSynchronizedGroups = (
				988E5BF82D6AE1CD00EE321D /* FinancialDemoUITests */,
			);
			name = FinancialDemoUITests;
			packageProductDependencies = (
			);
			productName = FinancialDemoUITests;
			productReference = 988E5BF72D6AE1CD00EE321D /* FinancialDemoUITests.xctest */;
			productType = "com.apple.product-type.bundle.ui-testing";
		};
/* End PBXNativeTarget section */

/* Begin PBXProject section */
		988E5BC72D6AD0BD00EE321D /* Project object */ = {
			isa = PBXProject;
			attributes = {
				BuildIndependentTargetsInParallel = 1;
				LastSwiftUpdateCheck = 1600;
				LastUpgradeCheck = 1600;
				TargetAttributes = {
					988E5BCE2D6AD0BD00EE321D = {
						CreatedOnToolsVersion = 16.0;
					};
					988E5BE92D6ADCE300EE321D = {
						CreatedOnToolsVersion = 16.0;
						TestTargetID = 988E5BCE2D6AD0BD00EE321D;
					};
					988E5BF62D6AE1CD00EE321D = {
						CreatedOnToolsVersion = 16.0;
						TestTargetID = 988E5BCE2D6AD0BD00EE321D;
					};
				};
			};
			buildConfigurationList = 988E5BCA2D6AD0BD00EE321D /* Build configuration list for PBXProject "FinancialCalculatorDemo" */;
			developmentRegion = en;
			hasScannedForEncodings = 0;
			knownRegions = (
				en,
				Base,
			);
			mainGroup = 988E5BC62D6AD0BD00EE321D;
			minimizedProjectReferenceProxies = 1;
			preferredProjectObjectVersion = 77;
			productRefGroup = 988E5BD02D6AD0BD00EE321D /* Products */;
			projectDirPath = "";
			projectRoot = "";
			targets = (
				988E5BCE2D6AD0BD00EE321D /* FinancialCalculatorDemo */,
				988E5BE92D6ADCE300EE321D /* FinancialDemoUnitTests */,
				988E5BF62D6AE1CD00EE321D /* FinancialDemoUITests */,
			);
		};
/* End PBXProject section */

/* Begin PBXResourcesBuildPhase section */
		988E5BCD2D6AD0BD00EE321D /* Resources */ = {
			isa = PBXResourcesBuildPhase;
			buildActionMask = 2147483647;
			files = (
			);
			runOnlyForDeploymentPostprocessing = 0;
		};
		988E5BE82D6ADCE300EE321D /* Resources */ = {
			isa = PBXResourcesBuildPhase;
			buildActionMask = 2147483647;
			files = (
			);
			runOnlyForDeploymentPostprocessing = 0;
		};
		988E5BF52D6AE1CD00EE321D /* Resources */ = {
			isa = PBXResourcesBuildPhase;
			buildActionMask = 2147483647;
			files = (
			);
			runOnlyForDeploymentPostprocessing = 0;
		};
/* End PBXResourcesBuildPhase section */

/* Begin PBXSourcesBuildPhase section */
		988E5BCB2D6AD0BD00EE321D /* Sources */ = {
			isa = PBXSourcesBuildPhase;
			buildActionMask = 2147483647;
			files = (
			);
			runOnlyForDeploymentPostprocessing = 0;
		};
		988E5BE62D6ADCE300EE321D /* Sources */ = {
			isa = PBXSourcesBuildPhase;
			buildActionMask = 2147483647;
			files = (
			);
			runOnlyForDeploymentPostprocessing = 0;
		};
		988E5BF32D6AE1CD00EE321D /* Sources */ = {
			isa = PBXSourcesBuildPhase;
			buildActionMask = 2147483647;
			files = (
			);
			runOnlyForDeploymentPostprocessing = 0;
		};
/* End PBXSourcesBuildPhase section */

/* Begin PBXTargetDependency section */
		988E5BEF2D6ADCE300EE321D /* PBXTargetDependency */ = {
			isa = PBXTargetDependency;
			target = 988E5BCE2D6AD0BD00EE321D /* FinancialCalculatorDemo */;
			targetProxy = 988E5BEE2D6ADCE300EE321D /* PBXContainerItemProxy */;
		};
		988E5BFE2D6AE1CD00EE321D /* PBXTargetDependency */ = {
			isa = PBXTargetDependency;
			target = 988E5BCE2D6AD0BD00EE321D /* FinancialCalculatorDemo */;
			targetProxy = 988E5BFD2D6AE1CD00EE321D /* PBXContainerItemProxy */;
		};
/* End PBXTargetDependency section */

/* Begin XCBuildConfiguration section */
		988E5BDB2D6AD0BE00EE321D /* Debug */ = {
			isa = XCBuildConfiguration;
			buildSettings = {
				ALWAYS_SEARCH_USER_PATHS = NO;
				ASSETCATALOG_COMPILER_GENERATE_SWIFT_ASSET_SYMBOL_EXTENSIONS = YES;
				CLANG_ANALYZER_NONNULL = YES;
				CLANG_ANALYZER_NUMBER_OBJECT_CONVERSION = YES_AGGRESSIVE;
				CLANG_CXX_LANGUAGE_STANDARD = "gnu++20";
				CLANG_ENABLE_MODULES = YES;
				CLANG_ENABLE_OBJC_ARC = YES;
				CLANG_ENABLE_OBJC_WEAK = YES;
				CLANG_WARN_BLOCK_CAPTURE_AUTORELEASING = YES;
				CLANG_WARN_BOOL_CONVERSION = YES;
				CLANG_WARN_COMMA = YES;
				CLANG_WARN_CONSTANT_CONVERSION = YES;
				CLANG_WARN_DEPRECATED_OBJC_IMPLEMENTATIONS = YES;
				CLANG_WARN_DIRECT_OBJC_ISA_USAGE = YES_ERROR;
				CLANG_WARN_DOCUMENTATION_COMMENTS = YES;
				CLANG_WARN_EMPTY_BODY = YES;
				CLANG_WARN_ENUM_CONVERSION = YES;
				CLANG_WARN_INFINITE_RECURSION = YES;
				CLANG_WARN_INT_CONVERSION = YES;
				CLANG_WARN_NON_LITERAL_NULL_CONVERSION = YES;
				CLANG_WARN_OBJC_IMPLICIT_RETAIN_SELF = YES;
				CLANG_WARN_OBJC_LITERAL_CONVERSION = YES;
				CLANG_WARN_OBJC_ROOT_CLASS = YES_ERROR;
				CLANG_WARN_QUOTED_INCLUDE_IN_FRAMEWORK_HEADER = YES;
				CLANG_WARN_RANGE_LOOP_ANALYSIS = YES;
				CLANG_WARN_STRICT_PROTOTYPES = YES;
				CLANG_WARN_SUSPICIOUS_MOVE = YES;
				CLANG_WARN_UNGUARDED_AVAILABILITY = YES_AGGRESSIVE;
				CLANG_WARN_UNREACHABLE_CODE = YES;
				CLANG_WARN__DUPLICATE_METHOD_MATCH = YES;
				COPY_PHASE_STRIP = NO;
				DEBUG_INFORMATION_FORMAT = dwarf;
				ENABLE_STRICT_OBJC_MSGSEND = YES;
				ENABLE_TESTABILITY = YES;
				ENABLE_USER_SCRIPT_SANDBOXING = YES;
				GCC_C_LANGUAGE_STANDARD = gnu17;
				GCC_DYNAMIC_NO_PIC = NO;
				GCC_NO_COMMON_BLOCKS = YES;
				GCC_OPTIMIZATION_LEVEL = 0;
				GCC_PREPROCESSOR_DEFINITIONS = (
					"DEBUG=1",
					"$(inherited)",
				);
				GCC_WARN_64_TO_32_BIT_CONVERSION = YES;
				GCC_WARN_ABOUT_RETURN_TYPE = YES_ERROR;
				GCC_WARN_UNDECLARED_SELECTOR = YES;
				GCC_WARN_UNINITIALIZED_AUTOS = YES_AGGRESSIVE;
				GCC_WARN_UNUSED_FUNCTION = YES;
				GCC_WARN_UNUSED_VARIABLE = YES;
				IPHONEOS_DEPLOYMENT_TARGET = 18.0;
				LOCALIZATION_PREFERS_STRING_CATALOGS = YES;
				MTL_ENABLE_DEBUG_INFO = INCLUDE_SOURCE;
				MTL_FAST_MATH = YES;
				ONLY_ACTIVE_ARCH = YES;
				SDKROOT = iphoneos;
				SWIFT_ACTIVE_COMPILATION_CONDITIONS = "DEBUG $(inherited)";
				SWIFT_OPTIMIZATION_LEVEL = "-Onone";
			};
			name = Debug;
		};
		988E5BDC2D6AD0BE00EE321D /* Release */ = {
			isa = XCBuildConfiguration;
			buildSettings = {
				ALWAYS_SEARCH_USER_PATHS = NO;
				ASSETCATALOG_COMPILER_GENERATE_SWIFT_ASSET_SYMBOL_EXTENSIONS = YES;
				CLANG_ANALYZER_NONNULL = YES;
				CLANG_ANALYZER_NUMBER_OBJECT_CONVERSION = YES_AGGRESSIVE;
				CLANG_CXX_LANGUAGE_STANDARD = "gnu++20";
				CLANG_ENABLE_MODULES = YES;
				CLANG_ENABLE_OBJC_ARC = YES;
				CLANG_ENABLE_OBJC_WEAK = YES;
				CLANG_WARN_BLOCK_CAPTURE_AUTORELEASING = YES;
				CLANG_WARN_BOOL_CONVERSION = YES;
				CLANG_WARN_COMMA = YES;
				CLANG_WARN_CONSTANT_CONVERSION = YES;
				CLANG_WARN_DEPRECATED_OBJC_IMPLEMENTATIONS = YES;
				CLANG_WARN_DIRECT_OBJC_ISA_USAGE = YES_ERROR;
				CLANG_WARN_DOCUMENTATION_COMMENTS = YES;
				CLANG_WARN_EMPTY_BODY = YES;
				CLANG_WARN_ENUM_CONVERSION = YES;
				CLANG_WARN_INFINITE_RECURSION = YES;
				CLANG_WARN_INT_CONVERSION = YES;
				CLANG_WARN_NON_LITERAL_NULL_CONVERSION = YES;
				CLANG_WARN_OBJC_IMPLICIT_RETAIN_SELF = YES;
				CLANG_WARN_OBJC_LITERAL_CONVERSION = YES;
				CLANG_WARN_OBJC_ROOT_CLASS = YES_ERROR;
				CLANG_WARN_QUOTED_INCLUDE_IN_FRAMEWORK_HEADER = YES;
				CLANG_WARN_RANGE_LOOP_ANALYSIS = YES;
				CLANG_WARN_STRICT_PROTOTYPES = YES;
				CLANG_WARN_SUSPICIOUS_MOVE = YES;
				CLANG_WARN_UNGUARDED_AVAILABILITY = YES_AGGRESSIVE;
				CLANG_WARN_UNREACHABLE_CODE = YES;
				CLANG_WARN__DUPLICATE_METHOD_MATCH = YES;
				COPY_PHASE_STRIP = NO;
				DEBUG_INFORMATION_FORMAT = "dwarf-with-dsym";
				ENABLE_NS_ASSERTIONS = NO;
				ENABLE_STRICT_OBJC_MSGSEND = YES;
				ENABLE_USER_SCRIPT_SANDBOXING = YES;
				GCC_C_LANGUAGE_STANDARD = gnu17;
				GCC_NO_COMMON_BLOCKS = YES;
				GCC_WARN_64_TO_32_BIT_CONVERSION = YES;
				GCC_WARN_ABOUT_RETURN_TYPE = YES_ERROR;
				GCC_WARN_UNDECLARED_SELECTOR = YES;
				GCC_WARN_UNINITIALIZED_AUTOS = YES_AGGRESSIVE;
				GCC_WARN_UNUSED_FUNCTION = YES;
				GCC_WARN_UNUSED_VARIABLE = YES;
				IPHONEOS_DEPLOYMENT_TARGET = 18.0;
				LOCALIZATION_PREFERS_STRING_CATALOGS = YES;
				MTL_ENABLE_DEBUG_INFO = NO;
				MTL_FAST_MATH = YES;
				SDKROOT = iphoneos;
				SWIFT_COMPILATION_MODE = wholemodule;
				VALIDATE_PRODUCT = YES;
			};
			name = Release;
		};
		988E5BDE2D6AD0BE00EE321D /* Debug */ = {
			isa = XCBuildConfiguration;
			buildSettings = {
				ASSETCATALOG_COMPILER_APPICON_NAME = AppIcon;
				ASSETCATALOG_COMPILER_GLOBAL_ACCENT_COLOR_NAME = AccentColor;
				CODE_SIGN_STYLE = Automatic;
				CURRENT_PROJECT_VERSION = 1;
				DEVELOPMENT_ASSET_PATHS = "\"FinancialCalculatorDemo/Preview Content\"";
				ENABLE_PREVIEWS = YES;
				GENERATE_INFOPLIST_FILE = YES;
				INFOPLIST_KEY_UIApplicationSceneManifest_Generation = YES;
				INFOPLIST_KEY_UIApplicationSupportsIndirectInputEvents = YES;
				INFOPLIST_KEY_UILaunchScreen_Generation = YES;
				INFOPLIST_KEY_UISupportedInterfaceOrientations_iPad = "UIInterfaceOrientationPortrait UIInterfaceOrientationPortraitUpsideDown UIInterfaceOrientationLandscapeLeft UIInterfaceOrientationLandscapeRight";
				INFOPLIST_KEY_UISupportedInterfaceOrientations_iPhone = "UIInterfaceOrientationPortrait UIInterfaceOrientationLandscapeLeft UIInterfaceOrientationLandscapeRight";
				IPHONEOS_DEPLOYMENT_TARGET = 16.6;
				LD_RUNPATH_SEARCH_PATHS = (
					"$(inherited)",
					"@executable_path/Frameworks",
				);
				MARKETING_VERSION = 1.0;
				PRODUCT_BUNDLE_IDENTIFIER = com.appfolks.FinancialCalculatorDemo;
				PRODUCT_NAME = "$(TARGET_NAME)";
				SWIFT_EMIT_LOC_STRINGS = YES;
				SWIFT_VERSION = 5.0;
				TARGETED_DEVICE_FAMILY = "1,2";
			};
			name = Debug;
		};
		988E5BDF2D6AD0BE00EE321D /* Release */ = {
			isa = XCBuildConfiguration;
			buildSettings = {
				ASSETCATALOG_COMPILER_APPICON_NAME = AppIcon;
				ASSETCATALOG_COMPILER_GLOBAL_ACCENT_COLOR_NAME = AccentColor;
				CODE_SIGN_STYLE = Automatic;
				CURRENT_PROJECT_VERSION = 1;
				DEVELOPMENT_ASSET_PATHS = "\"FinancialCalculatorDemo/Preview Content\"";
				ENABLE_PREVIEWS = YES;
				GENERATE_INFOPLIST_FILE = YES;
				INFOPLIST_KEY_UIApplicationSceneManifest_Generation = YES;
				INFOPLIST_KEY_UIApplicationSupportsIndirectInputEvents = YES;
				INFOPLIST_KEY_UILaunchScreen_Generation = YES;
				INFOPLIST_KEY_UISupportedInterfaceOrientations_iPad = "UIInterfaceOrientationPortrait UIInterfaceOrientationPortraitUpsideDown UIInterfaceOrientationLandscapeLeft UIInterfaceOrientationLandscapeRight";
				INFOPLIST_KEY_UISupportedInterfaceOrientations_iPhone = "UIInterfaceOrientationPortrait UIInterfaceOrientationLandscapeLeft UIInterfaceOrientationLandscapeRight";
				IPHONEOS_DEPLOYMENT_TARGET = 16.6;
				LD_RUNPATH_SEARCH_PATHS = (
					"$(inherited)",
					"@executable_path/Frameworks",
				);
				MARKETING_VERSION = 1.0;
				PRODUCT_BUNDLE_IDENTIFIER = com.appfolks.FinancialCalculatorDemo;
				PRODUCT_NAME = "$(TARGET_NAME)";
				SWIFT_EMIT_LOC_STRINGS = YES;
				SWIFT_VERSION = 5.0;
				TARGETED_DEVICE_FAMILY = "1,2";
			};
			name = Release;
		};
		988E5BF12D6ADCE300EE321D /* Debug */ = {
			isa = XCBuildConfiguration;
			buildSettings = {
				BUNDLE_LOADER = "$(TEST_HOST)";
				CODE_SIGN_STYLE = Automatic;
				CURRENT_PROJECT_VERSION = 1;
				GENERATE_INFOPLIST_FILE = YES;
				IPHONEOS_DEPLOYMENT_TARGET = 16.6;
				MARKETING_VERSION = 1.0;
				PRODUCT_BUNDLE_IDENTIFIER = com.appfolks.FinancialDemoUnitTests;
				PRODUCT_NAME = "$(TARGET_NAME)";
				SWIFT_EMIT_LOC_STRINGS = NO;
				SWIFT_VERSION = 5.0;
				TARGETED_DEVICE_FAMILY = "1,2";
				TEST_HOST = "$(BUILT_PRODUCTS_DIR)/FinancialCalculatorDemo.app/$(BUNDLE_EXECUTABLE_FOLDER_PATH)/FinancialCalculatorDemo";
			};
			name = Debug;
		};
		988E5BF22D6ADCE300EE321D /* Release */ = {
			isa = XCBuildConfiguration;
			buildSettings = {
				BUNDLE_LOADER = "$(TEST_HOST)";
				CODE_SIGN_STYLE = Automatic;
				CURRENT_PROJECT_VERSION = 1;
				GENERATE_INFOPLIST_FILE = YES;
				IPHONEOS_DEPLOYMENT_TARGET = 16.6;
				MARKETING_VERSION = 1.0;
				PRODUCT_BUNDLE_IDENTIFIER = com.appfolks.FinancialDemoUnitTests;
				PRODUCT_NAME = "$(TARGET_NAME)";
				SWIFT_EMIT_LOC_STRINGS = NO;
				SWIFT_VERSION = 5.0;
				TARGETED_DEVICE_FAMILY = "1,2";
				TEST_HOST = "$(BUILT_PRODUCTS_DIR)/FinancialCalculatorDemo.app/$(BUNDLE_EXECUTABLE_FOLDER_PATH)/FinancialCalculatorDemo";
			};
			name = Release;
		};
		988E5C002D6AE1CD00EE321D /* Debug */ = {
			isa = XCBuildConfiguration;
			buildSettings = {
				CODE_SIGN_STYLE = Automatic;
				CURRENT_PROJECT_VERSION = 1;
				GENERATE_INFOPLIST_FILE = YES;
				IPHONEOS_DEPLOYMENT_TARGET = 16.6;
				MARKETING_VERSION = 1.0;
				PRODUCT_BUNDLE_IDENTIFIER = com.appfolks.FinancialDemoUITests;
				PRODUCT_NAME = "$(TARGET_NAME)";
				SWIFT_EMIT_LOC_STRINGS = NO;
				SWIFT_VERSION = 5.0;
				TARGETED_DEVICE_FAMILY = "1,2";
				TEST_TARGET_NAME = FinancialCalculatorDemo;
			};
			name = Debug;
		};
		988E5C012D6AE1CD00EE321D /* Release */ = {
			isa = XCBuildConfiguration;
			buildSettings = {
				CODE_SIGN_STYLE = Automatic;
				CURRENT_PROJECT_VERSION = 1;
				GENERATE_INFOPLIST_FILE = YES;
				IPHONEOS_DEPLOYMENT_TARGET = 16.6;
				MARKETING_VERSION = 1.0;
				PRODUCT_BUNDLE_IDENTIFIER = com.appfolks.FinancialDemoUITests;
				PRODUCT_NAME = "$(TARGET_NAME)";
				SWIFT_EMIT_LOC_STRINGS = NO;
				SWIFT_VERSION = 5.0;
				TARGETED_DEVICE_FAMILY = "1,2";
				TEST_TARGET_NAME = FinancialCalculatorDemo;
			};
			name = Release;
		};
/* End XCBuildConfiguration section */

/* Begin XCConfigurationList section */
		988E5BCA2D6AD0BD00EE321D /* Build configuration list for PBXProject "FinancialCalculatorDemo" */ = {
			isa = XCConfigurationList;
			buildConfigurations = (
				988E5BDB2D6AD0BE00EE321D /* Debug */,
				988E5BDC2D6AD0BE00EE321D /* Release */,
			);
			defaultConfigurationIsVisible = 0;
			defaultConfigurationName = Release;
		};
		988E5BDD2D6AD0BE00EE321D /* Build configuration list for PBXNativeTarget "FinancialCalculatorDemo" */ = {
			isa = XCConfigurationList;
			buildConfigurations = (
				988E5BDE2D6AD0BE00EE321D /* Debug */,
				988E5BDF2D6AD0BE00EE321D /* Release */,
			);
			defaultConfigurationIsVisible = 0;
			defaultConfigurationName = Release;
		};
		988E5BF02D6ADCE300EE321D /* Build configuration list for PBXNativeTarget "FinancialDemoUnitTests" */ = {
			isa = XCConfigurationList;
			buildConfigurations = (
				988E5BF12D6ADCE300EE321D /* Debug */,
				988E5BF22D6ADCE300EE321D /* Release */,
			);
			defaultConfigurationIsVisible = 0;
			defaultConfigurationName = Release;
		};
		988E5BFF2D6AE1CD00EE321D /* Build configuration list for PBXNativeTarget "FinancialDemoUITests" */ = {
			isa = XCConfigurationList;
			buildConfigurations = (
				988E5C002D6AE1CD00EE321D /* Debug */,
				988E5C012D6AE1CD00EE321D /* Release */,
			);
			defaultConfigurationIsVisible = 0;
			defaultConfigurationName = Release;
		};
/* End XCConfigurationList section */
	};
	rootObject = 988E5BC72D6AD0BD00EE321D /* Project object */;
}
